
Microsoft Visual Studio Solution File, Format Version 12.00
# Visual Studio Version 16
VisualStudioVersion = 16.0.31624.102
MinimumVisualStudioVersion = 10.0.40219.1
Project("{FAE04EC0-301F-11D3-BF4B-00C04F79EFBC}") = "Entidades", "Entidades\Entidades.csproj", "{4555EA09-F44F-45CA-B8F2-F85F004DA84D}"
EndProject
Project("{FAE04EC0-301F-11D3-BF4B-00C04F79EFBC}") = "ABM_DB", "ABM_DB\ABM_DB.csproj", "{9B67301C-CC99-4EAC-BE25-35930419FAEB}"
EndProject
Project("{FAE04EC0-301F-11D3-BF4B-00C04F79EFBC}") = "ABM2", "ABM2\ABM2.csproj", "{AFCF705C-F8FE-4221-9EB7-B393D961A4D7}"
EndProject
Global
	GlobalSection(SolutionConfigurationPlatforms) = preSolution
		Debug|Any CPU = Debug|Any CPU
		Release|Any CPU = Release|Any CPU
	EndGlobalSection
	GlobalSection(ProjectConfigurationPlatforms) = postSolution
		{4555EA09-F44F-45CA-B8F2-F85F004DA84D}.Debug|Any CPU.ActiveCfg = Debug|Any CPU
		{4555EA09-F44F-45CA-B8F2-F85F004DA84D}.Debug|Any CPU.Build.0 = Debug|Any CPU
		{4555EA09-F44F-45CA-B8F2-F85F004DA84D}.Release|Any CPU.ActiveCfg = Release|Any CPU
		{4555EA09-F44F-45CA-B8F2-F85F004DA84D}.Release|Any CPU.Build.0 = Release|Any CPU
		{9B67301C-CC99-4EAC-BE25-35930419FAEB}.Debug|Any CPU.ActiveCfg = Debug|Any CPU
		{9B67301C-CC99-4EAC-BE25-35930419FAEB}.Debug|Any CPU.Build.0 = Debug|Any CPU
		{9B67301C-CC99-4EAC-BE25-35930419FAEB}.Release|Any CPU.ActiveCfg = Release|Any CPU
		{9B67301C-CC99-4EAC-BE25-35930419FAEB}.Release|Any CPU.Build.0 = Release|Any CPU
		{AFCF705C-F8FE-4221-9EB7-B393D961A4D7}.Debug|Any CPU.ActiveCfg = Debug|Any CPU
		{AFCF705C-F8FE-4221-9EB7-B393D961A4D7}.Debug|Any CPU.Build.0 = Debug|Any CPU
		{AFCF705C-F8FE-4221-9EB7-B393D961A4D7}.Release|Any CPU.ActiveCfg = Release|Any CPU
		{AFCF705C-F8FE-4221-9EB7-B393D961A4D7}.Release|Any CPU.Build.0 = Release|Any CPU
	EndGlobalSection
	GlobalSection(SolutionProperties) = preSolution
		HideSolutionNode = FALSE
	EndGlobalSection
	GlobalSection(ExtensibilityGlobals) = postSolution
		SolutionGuid = {1B69DE79-D708-439F-95F2-32FACD4B1201}
	EndGlobalSection
EndGlobal
